PODS:
  - iOSReachability (0.0.2)

DEPENDENCIES:
  - "iOSReachability (from `/Users/chandrakant/Desktop/R&D/iOSReachability`)"

EXTERNAL SOURCES:
  iOSReachability:
    :path: "/Users/chandrakant/Desktop/R&D/iOSReachability"

SPEC CHECKSUMS:
  iOSReachability: e0bd1131a9f7efa26332b1055eb48f8b17e7c3de

PODFILE CHECKSUM: 0f3b92052fc9c574345d3f52fbbf88927a874b70

COCOAPODS: 1.8.4
